
Microsoft Visual Studio Solution File, Format Version 12.00
# Visual Studio Version 16
VisualStudioVersion = 16.0.29519.181
MinimumVisualStudioVersion = 10.0.40219.1
Project("{FAE04EC0-301F-11D3-BF4B-00C04F79EFBC}") = "MyShop.Core", "MyShop.Core\MyShop.Core.csproj", "{AF676F56-59E3-4C93-A02C-BD4C00DF2958}"
EndProject
Project("{FAE04EC0-301F-11D3-BF4B-00C04F79EFBC}") = "MyShop.Services", "MyShop.Services\MyShop.Services.csproj", "{0BC395FC-03B9-42FB-A054-2B00EE81CC3C}"
EndProject
Project("{FAE04EC0-301F-11D3-BF4B-00C04F79EFBC}") = "MyShop.DataAccess.InMemory", "MyShop.DataAccess.InMemory\MyShop.DataAccess.InMemory.csproj", "{C9981DD3-D278-428F-BD11-B6E1765240EB}"
EndProject
Project("{FAE04EC0-301F-11D3-BF4B-00C04F79EFBC}") = "MyShop.DataAccess.SQL", "MyShop.DataAccess.SQL\MyShop.DataAccess.SQL.csproj", "{489D40A2-61E0-4E1C-A163-DEBDFFF0BFD1}"
EndProject
Project("{FAE04EC0-301F-11D3-BF4B-00C04F79EFBC}") = "MyShop.WebUI", "MyShop.WebUI\MyShop.WebUI.csproj", "{3D8995BE-9EAC-4FAD-80D1-4ABC5F939D8E}"
EndProject
Project("{FAE04EC0-301F-11D3-BF4B-00C04F79EFBC}") = "MyShop.WebUI.Tests", "MyShop.WebUI.Tests\MyShop.WebUI.Tests.csproj", "{E91E9C27-D0DB-40F9-8481-12567526088B}"
EndProject
Global
	GlobalSection(SolutionConfigurationPlatforms) = preSolution
		Debug|Any CPU = Debug|Any CPU
		Release|Any CPU = Release|Any CPU
	EndGlobalSection
	GlobalSection(ProjectConfigurationPlatforms) = postSolution
		{AF676F56-59E3-4C93-A02C-BD4C00DF2958}.Debug|Any CPU.ActiveCfg = Debug|Any CPU
		{AF676F56-59E3-4C93-A02C-BD4C00DF2958}.Debug|Any CPU.Build.0 = Debug|Any CPU
		{AF676F56-59E3-4C93-A02C-BD4C00DF2958}.Release|Any CPU.ActiveCfg = Release|Any CPU
		{AF676F56-59E3-4C93-A02C-BD4C00DF2958}.Release|Any CPU.Build.0 = Release|Any CPU
		{0BC395FC-03B9-42FB-A054-2B00EE81CC3C}.Debug|Any CPU.ActiveCfg = Debug|Any CPU
		{0BC395FC-03B9-42FB-A054-2B00EE81CC3C}.Debug|Any CPU.Build.0 = Debug|Any CPU
		{0BC395FC-03B9-42FB-A054-2B00EE81CC3C}.Release|Any CPU.ActiveCfg = Release|Any CPU
		{0BC395FC-03B9-42FB-A054-2B00EE81CC3C}.Release|Any CPU.Build.0 = Release|Any CPU
		{C9981DD3-D278-428F-BD11-B6E1765240EB}.Debug|Any CPU.ActiveCfg = Debug|Any CPU
		{C9981DD3-D278-428F-BD11-B6E1765240EB}.Debug|Any CPU.Build.0 = Debug|Any CPU
		{C9981DD3-D278-428F-BD11-B6E1765240EB}.Release|Any CPU.ActiveCfg = Release|Any CPU
		{C9981DD3-D278-428F-BD11-B6E1765240EB}.Release|Any CPU.Build.0 = Release|Any CPU
		{489D40A2-61E0-4E1C-A163-DEBDFFF0BFD1}.Debug|Any CPU.ActiveCfg = Debug|Any CPU
		{489D40A2-61E0-4E1C-A163-DEBDFFF0BFD1}.Debug|Any CPU.Build.0 = Debug|Any CPU
		{489D40A2-61E0-4E1C-A163-DEBDFFF0BFD1}.Release|Any CPU.ActiveCfg = Release|Any CPU
		{489D40A2-61E0-4E1C-A163-DEBDFFF0BFD1}.Release|Any CPU.Build.0 = Release|Any CPU
		{3D8995BE-9EAC-4FAD-80D1-4ABC5F939D8E}.Debug|Any CPU.ActiveCfg = Debug|Any CPU
		{3D8995BE-9EAC-4FAD-80D1-4ABC5F939D8E}.Debug|Any CPU.Build.0 = Debug|Any CPU
		{3D8995BE-9EAC-4FAD-80D1-4ABC5F939D8E}.Release|Any CPU.ActiveCfg = Release|Any CPU
		{3D8995BE-9EAC-4FAD-80D1-4ABC5F939D8E}.Release|Any CPU.Build.0 = Release|Any CPU
		{E91E9C27-D0DB-40F9-8481-12567526088B}.Debug|Any CPU.ActiveCfg = Debug|Any CPU
		{E91E9C27-D0DB-40F9-8481-12567526088B}.Debug|Any CPU.Build.0 = Debug|Any CPU
		{E91E9C27-D0DB-40F9-8481-12567526088B}.Release|Any CPU.ActiveCfg = Release|Any CPU
		{E91E9C27-D0DB-40F9-8481-12567526088B}.Release|Any CPU.Build.0 = Release|Any CPU
	EndGlobalSection
	GlobalSection(SolutionProperties) = preSolution
		HideSolutionNode = FALSE
	EndGlobalSection
	GlobalSection(ExtensibilityGlobals) = postSolution
		SolutionGuid = {5727D343-7682-42DB-B7CE-CFB1D03C8D57}
	EndGlobalSection
EndGlobal
